// !$*UTF8*$!
{
	archiveVersion = 1;
	classes = {
	};
	objectVersion = 46;
	objects = {

/* Begin PBXBuildFile section */
		D1F42E741BD415F4000E9A7F /* AppDelegate.swift in Sources */ = {isa = PBXBuildFile; fileRef = D1F42E731BD415F4000E9A7F /* AppDelegate.swift */; };
		D1F42E761BD415F4000E9A7F /* ViewController.swift in Sources */ = {isa = PBXBuildFile; fileRef = D1F42E751BD415F4000E9A7F /* ViewController.swift */; };
		D1F42E791BD415F4000E9A7F /* Main.storyboard in Resources */ = {isa = PBXBuildFile; fileRef = D1F42E771BD415F4000E9A7F /* Main.storyboard */; };
		D1F42E7B1BD415F4000E9A7F /* Assets.xcassets in Resources */ = {isa = PBXBuildFile; fileRef = D1F42E7A1BD415F4000E9A7F /* Assets.xcassets */; };
		D1F42E7E1BD415F4000E9A7F /* LaunchScreen.storyboard in Resources */ = {isa = PBXBuildFile; fileRef = D1F42E7C1BD415F4000E9A7F /* LaunchScreen.storyboard */; };
		D1F42E891BD415F4000E9A7F /* Project_3Tests.swift in Sources */ = {isa = PBXBuildFile; fileRef = D1F42E881BD415F4000E9A7F /* Project_3Tests.swift */; };
		D1F42E941BD415F4000E9A7F /* Project_3UITests.swift in Sources */ = {isa = PBXBuildFile; fileRef = D1F42E931BD415F4000E9A7F /* Project_3UITests.swift */; };
		D1F42EA81BD44923000E9A7F /* ShapeViewController.swift in Sources */ = {isa = PBXBuildFile; fileRef = D1F42EA71BD44923000E9A7F /* ShapeViewController.swift */; settings = {ASSET_TAGS = (); }; };
/* End PBXBuildFile section */

/* Begin PBXContainerItemProxy section */
		D1F42E851BD415F4000E9A7F /* PBXContainerItemProxy */ = {
			isa = PBXContainerItemProxy;
			containerPortal = D1F42E681BD415F4000E9A7F /* Project object */;
			proxyType = 1;
			remoteGlobalIDString = D1F42E6F1BD415F4000E9A7F;
			remoteInfo = "Project 3";
		};
		D1F42E901BD415F4000E9A7F /* PBXContainerItemProxy */ = {
			isa = PBXContainerItemProxy;
			containerPortal = D1F42E681BD415F4000E9A7F /* Project object */;
			proxyType = 1;
			remoteGlobalIDString = D1F42E6F1BD415F4000E9A7F;
			remoteInfo = "Project 3";
		};
/* End PBXContainerItemProxy section */

/* Begin PBXFileReference section */
		D1F42E701BD415F4000E9A7F /* Project 3.app */ = {isa = PBXFileReference; explicitFileType = wrapper.application; includeInIndex = 0; path = "Project 3.app"; sourceTree = BUILT_PRODUCTS_DIR; };
		D1F42E731BD415F4000E9A7F /* AppDelegate.swift */ = {isa = PBXFileReference; lastKnownFileType = sourcecode.swift; path = AppDelegate.swift; sourceTree = "<group>"; };
		D1F42E751BD415F4000E9A7F /* ViewController.swift */ = {isa = PBXFileReference; lastKnownFileType = sourcecode.swift; path = ViewController.swift; sourceTree = "<group>"; };
		D1F42E781BD415F4000E9A7F /* Base */ = {isa = PBXFileReference; lastKnownFileType = file.storyboard; name = Base; path = Base.lproj/Main.storyboard; sourceTree = "<group>"; };
		D1F42E7A1BD415F4000E9A7F /* Assets.xcassets */ = {isa = PBXFileReference; lastKnownFileType = folder.assetcatalog; path = Assets.xcassets; sourceTree = "<group>"; };
		D1F42E7D1BD415F4000E9A7F /* Base */ = {isa = PBXFileReference; lastKnownFileType = file.storyboard; name = Base; path = Base.lproj/LaunchScreen.storyboard; sourceTree = "<group>"; };
		D1F42E7F1BD415F4000E9A7F /* Info.plist */ = {isa = PBXFileReference; lastKnownFileType = text.plist.xml; path = Info.plist; sourceTree = "<group>"; };
		D1F42E841BD415F4000E9A7F /* Project 3Tests.xctest */ = {isa = PBXFileReference; explicitFileType = wrapper.cfbundle; includeInIndex = 0; path = "Project 3Tests.xctest"; sourceTree = BUILT_PRODUCTS_DIR; };
		D1F42E881BD415F4000E9A7F /* Project_3Tests.swift */ = {isa = PBXFileReference; lastKnownFileType = sourcecode.swift; path = Project_3Tests.swift; sourceTree = "<group>"; };
		D1F42E8A1BD415F4000E9A7F /* Info.plist */ = {isa = PBXFileReference; lastKnownFileType = text.plist.xml; path = Info.plist; sourceTree = "<group>"; };
		D1F42E8F1BD415F4000E9A7F /* Project 3UITests.xctest */ = {isa = PBXFileReference; explicitFileType = wrapper.cfbundle; includeInIndex = 0; path = "Project 3UITests.xctest"; sourceTree = BUILT_PRODUCTS_DIR; };
		D1F42E931BD415F4000E9A7F /* Project_3UITests.swift */ = {isa = PBXFileReference; lastKnownFileType = sourcecode.swift; path = Project_3UITests.swift; sourceTree = "<group>"; };
		D1F42E951BD415F4000E9A7F /* Info.plist */ = {isa = PBXFileReference; lastKnownFileType = text.plist.xml; path = Info.plist; sourceTree = "<group>"; };
		D1F42EA71BD44923000E9A7F /* ShapeViewController.swift */ = {isa = PBXFileReference; fileEncoding = 4; lastKnownFileType = sourcecode.swift; path = ShapeViewController.swift; sourceTree = "<group>"; };
/* End PBXFileReference section */

/* Begin PBXFrameworksBuildPhase section */
		D1F42E6D1BD415F4000E9A7F /* Frameworks */ = {
			isa = PBXFrameworksBuildPhase;
			buildActionMask = 2147483647;
			files = (
			);
			runOnlyForDeploymentPostprocessing = 0;
		};
		D1F42E811BD415F4000E9A7F /* Frameworks */ = {
			isa = PBXFrameworksBuildPhase;
			buildActionMask = 2147483647;
			files = (
			);
			runOnlyForDeploymentPostprocessing = 0;
		};
		D1F42E8C1BD415F4000E9A7F /* Frameworks */ = {
			isa = PBXFrameworksBuildPhase;
			buildActionMask = 2147483647;
			files = (
			);
			runOnlyForDeploymentPostprocessing = 0;
		};
/* End PBXFrameworksBuildPhase section */

/* Begin PBXGroup section */
		D1F42E671BD415F4000E9A7F = {
			isa = PBXGroup;
			children = (
				D1F42E721BD415F4000E9A7F /* Project 3 */,
				D1F42E871BD415F4000E9A7F /* Project 3Tests */,
				D1F42E921BD415F4000E9A7F /* Project 3UITests */,
				D1F42E711BD415F4000E9A7F /* Products */,
			);
			sourceTree = "<group>";
		};
		D1F42E711BD415F4000E9A7F /* Products */ = {
			isa = PBXGroup;
			children = (
				D1F42E701BD415F4000E9A7F /* Project 3.app */,
				D1F42E841BD415F4000E9A7F /* Project 3Tests.xctest */,
				D1F42E8F1BD415F4000E9A7F /* Project 3UITests.xctest */,
			);
			name = Products;
			sourceTree = "<group>";
		};
		D1F42E721BD415F4000E9A7F /* Project 3 */ = {
			isa = PBXGroup;
			children = (
				D1F42E731BD415F4000E9A7F /* AppDelegate.swift */,
				D1F42E751BD415F4000E9A7F /* ViewController.swift */,
				D1F42EA71BD44923000E9A7F /* ShapeViewController.swift */,
				D1F42E771BD415F4000E9A7F /* Main.storyboard */,
				D1F42E7A1BD415F4000E9A7F /* Assets.xcassets */,
				D1F42E7C1BD415F4000E9A7F /* LaunchScreen.storyboard */,
				D1F42E7F1BD415F4000E9A7F /* Info.plist */,
			);
			path = "Project 3";
			sourceTree = "<group>";
		};
		D1F42E871BD415F4000E9A7F /* Project 3Tests */ = {
			isa = PBXGroup;
			children = (
				D1F42E881BD415F4000E9A7F /* Project_3Tests.swift */,
				D1F42E8A1BD415F4000E9A7F /* Info.plist */,
			);
			path = "Project 3Tests";
			sourceTree = "<group>";
		};
		D1F42E921BD415F4000E9A7F /* Project 3UITests */ = {
			isa = PBXGroup;
			children = (
				D1F42E931BD415F4000E9A7F /* Project_3UITests.swift */,
				D1F42E951BD415F4000E9A7F /* Info.plist */,
			);
			path = "Project 3UITests";
			sourceTree = "<group>";
		};
/* End PBXGroup section */

/* Begin PBXNativeTarget section */
		D1F42E6F1BD415F4000E9A7F /* Project 3 */ = {
			isa = PBXNativeTarget;
			buildConfigurationList = D1F42E981BD415F4000E9A7F /* Build configuration list for PBXNativeTarget "Project 3" */;
			buildPhases = (
				D1F42E6C1BD415F4000E9A7F /* Sources */,
				D1F42E6D1BD415F4000E9A7F /* Frameworks */,
				D1F42E6E1BD415F4000E9A7F /* Resources */,
			);
			buildRules = (
			);
			dependencies = (
			);
			name = "Project 3";
			productName = "Project 3";
			productReference = D1F42E701BD415F4000E9A7F /* Project 3.app */;
			productType = "com.apple.product-type.application";
		};
		D1F42E831BD415F4000E9A7F /* Project 3Tests */ = {
			isa = PBXNativeTarget;
			buildConfigurationList = D1F42E9B1BD415F4000E9A7F /* Build configuration list for PBXNativeTarget "Project 3Tests" */;
			buildPhases = (
				D1F42E801BD415F4000E9A7F /* Sources */,
				D1F42E811BD415F4000E9A7F /* Frameworks */,
				D1F42E821BD415F4000E9A7F /* Resources */,
			);
			buildRules = (
			);
			dependencies = (
				D1F42E861BD415F4000E9A7F /* PBXTargetDependency */,
			);
			name = "Project 3Tests";
			productName = "Project 3Tests";
			productReference = D1F42E841BD415F4000E9A7F /* Project 3Tests.xctest */;
			productType = "com.apple.product-type.bundle.unit-test";
		};
		D1F42E8E1BD415F4000E9A7F /* Project 3UITests */ = {
			isa = PBXNativeTarget;
			buildConfigurationList = D1F42E9E1BD415F4000E9A7F /* Build configuration list for PBXNativeTarget "Project 3UITests" */;
			buildPhases = (
				D1F42E8B1BD415F4000E9A7F /* Sources */,
				D1F42E8C1BD415F4000E9A7F /* Frameworks */,
				D1F42E8D1BD415F4000E9A7F /* Resources */,
			);
			buildRules = (
			);
			dependencies = (
				D1F42E911BD415F4000E9A7F /* PBXTargetDependency */,
			);
			name = "Project 3UITests";
			productName = "Project 3UITests";
			productReference = D1F42E8F1BD415F4000E9A7F /* Project 3UITests.xctest */;
			productType = "com.apple.product-type.bundle.ui-testing";
		};
/* End PBXNativeTarget section */

/* Begin PBXProject section */
		D1F42E681BD415F4000E9A7F /* Project object */ = {
			isa = PBXProject;
			attributes = {
				LastUpgradeCheck = 0700;
				ORGANIZATIONNAME = "Nehal Rawat";
				TargetAttributes = {
					D1F42E6F1BD415F4000E9A7F = {
						CreatedOnToolsVersion = 7.0.1;
					};
					D1F42E831BD415F4000E9A7F = {
						CreatedOnToolsVersion = 7.0.1;
						TestTargetID = D1F42E6F1BD415F4000E9A7F;
					};
					D1F42E8E1BD415F4000E9A7F = {
						CreatedOnToolsVersion = 7.0.1;
						TestTargetID = D1F42E6F1BD415F4000E9A7F;
					};
				};
			};
			buildConfigurationList = D1F42E6B1BD415F4000E9A7F /* Build configuration list for PBXProject "Project 3" */;
			compatibilityVersion = "Xcode 3.2";
			developmentRegion = English;
			hasScannedForEncodings = 0;
			knownRegions = (
				en,
				Base,
			);
			mainGroup = D1F42E671BD415F4000E9A7F;
			productRefGroup = D1F42E711BD415F4000E9A7F /* Products */;
			projectDirPath = "";
			projectRoot = "";
			targets = (
				D1F42E6F1BD415F4000E9A7F /* Project 3 */,
				D1F42E831BD415F4000E9A7F /* Project 3Tests */,
				D1F42E8E1BD415F4000E9A7F /* Project 3UITests */,
			);
		};
/* End PBXProject section */

/* Begin PBXResourcesBuildPhase section */
		D1F42E6E1BD415F4000E9A7F /* Resources */ = {
			isa = PBXResourcesBuildPhase;
			buildActionMask = 2147483647;
			files = (
				D1F42E7E1BD415F4000E9A7F /* LaunchScreen.storyboard in Resources */,
				D1F42E7B1BD415F4000E9A7F /* Assets.xcassets in Resources */,
				D1F42E791BD415F4000E9A7F /* Main.storyboard in Resources */,
			);
			runOnlyForDeploymentPostprocessing = 0;
		};
		D1F42E821BD415F4000E9A7F /* Resources */ = {
			isa = PBXResourcesBuildPhase;
			buildActionMask = 2147483647;
			files = (
			);
			runOnlyForDeploymentPostprocessing = 0;
		};
		D1F42E8D1BD415F4000E9A7F /* Resources */ = {
			isa = PBXResourcesBuildPhase;
			buildActionMask = 2147483647;
			files = (
			);
			runOnlyForDeploymentPostprocessing = 0;
		};
/* End PBXResourcesBuildPhase section */

/* Begin PBXSourcesBuildPhase section */
		D1F42E6C1BD415F4000E9A7F /* Sources */ = {
			isa = PBXSourcesBuildPhase;
			buildActionMask = 2147483647;
			files = (
				D1F42E761BD415F4000E9A7F /* ViewController.swift in Sources */,
				D1F42EA81BD44923000E9A7F /* ShapeViewController.swift in Sources */,
				D1F42E741BD415F4000E9A7F /* AppDelegate.swift in Sources */,
			);
			runOnlyForDeploymentPostprocessing = 0;
		};
		D1F42E801BD415F4000E9A7F /* Sources */ = {
			isa = PBXSourcesBuildPhase;
			buildActionMask = 2147483647;
			files = (
				D1F42E891BD415F4000E9A7F /* Project_3Tests.swift in Sources */,
			);
			runOnlyForDeploymentPostprocessing = 0;
		};
		D1F42E8B1BD415F4000E9A7F /* Sources */ = {
			isa = PBXSourcesBuildPhase;
			buildActionMask = 2147483647;
			files = (
				D1F42E941BD415F4000E9A7F /* Project_3UITests.swift in Sources */,
			);
			runOnlyForDeploymentPostprocessing = 0;
		};
/* End PBXSourcesBuildPhase section */

/* Begin PBXTargetDependency section */
		D1F42E861BD415F4000E9A7F /* PBXTargetDependency */ = {
			isa = PBXTargetDependency;
			target = D1F42E6F1BD415F4000E9A7F /* Project 3 */;
			targetProxy = D1F42E851BD415F4000E9A7F /* PBXContainerItemProxy */;
		};
		D1F42E911BD415F4000E9A7F /* PBXTargetDependency */ = {
			isa = PBXTargetDependency;
			target = D1F42E6F1BD415F4000E9A7F /* Project 3 */;
			targetProxy = D1F42E901BD415F4000E9A7F /* PBXContainerItemProxy */;
		};
/* End PBXTargetDependency section */

/* Begin PBXVariantGroup section */
		D1F42E771BD415F4000E9A7F /* Main.storyboard */ = {
			isa = PBXVariantGroup;
			children = (
				D1F42E781BD415F4000E9A7F /* Base */,
			);
			name = Main.storyboard;
			sourceTree = "<group>";
		};
		D1F42E7C1BD415F4000E9A7F /* LaunchScreen.storyboard */ = {
			isa = PBXVariantGroup;
			children = (
				D1F42E7D1BD415F4000E9A7F /* Base */,
			);
			name = LaunchScreen.storyboard;
			sourceTree = "<group>";
		};
/* End PBXVariantGroup section */

/* Begin XCBuildConfiguration section */
		D1F42E961BD415F4000E9A7F /* Debug */ = {
			isa = XCBuildConfiguration;
			buildSettings = {
				ALWAYS_SEARCH_USER_PATHS = NO;
				CLANG_CXX_LANGUAGE_STANDARD = "gnu++0x";
				CLANG_CXX_LIBRARY = "libc++";
				CLANG_ENABLE_MODULES = YES;
				CLANG_ENABLE_OBJC_ARC = YES;
				CLANG_WARN_BOOL_CONVERSION = YES;
				CLANG_WARN_CONSTANT_CONVERSION = YES;
				CLANG_WARN_DIRECT_OBJC_ISA_USAGE = YES_ERROR;
				CLANG_WARN_EMPTY_BODY = YES;
				CLANG_WARN_ENUM_CONVERSION = YES;
				CLANG_WARN_INT_CONVERSION = YES;
				CLANG_WARN_OBJC_ROOT_CLASS = YES_ERROR;
				CLANG_WARN_UNREACHABLE_CODE = YES;
				CLANG_WARN__DUPLICATE_METHOD_MATCH = YES;
				"CODE_SIGN_IDENTITY[sdk=iphoneos*]" = "iPhone Developer";
				COPY_PHASE_STRIP = NO;
				DEBUG_INFORMATION_FORMAT = dwarf;
				ENABLE_STRICT_OBJC_MSGSEND = YES;
				ENABLE_TESTABILITY = YES;
				GCC_C_LANGUAGE_STANDARD = gnu99;
				GCC_DYNAMIC_NO_PIC = NO;
				GCC_NO_COMMON_BLOCKS = YES;
				GCC_OPTIMIZATION_LEVEL = 0;
				GCC_PREPROCESSOR_DEFINITIONS = (
					"DEBUG=1",
					"$(inherited)",
				);
				GCC_WARN_64_TO_32_BIT_CONVERSION = YES;
				GCC_WARN_ABOUT_RETURN_TYPE = YES_ERROR;
				GCC_WARN_UNDECLARED_SELECTOR = YES;
				GCC_WARN_UNINITIALIZED_AUTOS = YES_AGGRESSIVE;
				GCC_WARN_UNUSED_FUNCTION = YES;
				GCC_WARN_UNUSED_VARIABLE = YES;
				IPHONEOS_DEPLOYMENT_TARGET = 9.0;
				MTL_ENABLE_DEBUG_INFO = YES;
				ONLY_ACTIVE_ARCH = YES;
				SDKROOT = iphoneos;
				SWIFT_OPTIMIZATION_LEVEL = "-Onone";
			};
			name = Debug;
		};
		D1F42E971BD415F4000E9A7F /* Release */ = {
			isa = XCBuildConfiguration;
			buildSettings = {
				ALWAYS_SEARCH_USER_PATHS = NO;
				CLANG_CXX_LANGUAGE_STANDARD = "gnu++0x";
				CLANG_CXX_LIBRARY = "libc++";
				CLANG_ENABLE_MODULES = YES;
				CLANG_ENABLE_OBJC_ARC = YES;
				CLANG_WARN_BOOL_CONVERSION = YES;
				CLANG_WARN_CONSTANT_CONVERSION = YES;
				CLANG_WARN_DIRECT_OBJC_ISA_USAGE = YES_ERROR;
				CLANG_WARN_EMPTY_BODY = YES;
				CLANG_WARN_ENUM_CONVERSION = YES;
				CLANG_WARN_INT_CONVERSION = YES;
				CLANG_WARN_OBJC_ROOT_CLASS = YES_ERROR;
				CLANG_WARN_UNREACHABLE_CODE = YES;
				CLANG_WARN__DUPLICATE_METHOD_MATCH = YES;
				"CODE_SIGN_IDENTITY[sdk=iphoneos*]" = "iPhone Developer";
				COPY_PHASE_STRIP = NO;
				DEBUG_INFORMATION_FORMAT = "dwarf-with-dsym";
				ENABLE_NS_ASSERTIONS = NO;
				ENABLE_STRICT_OBJC_MSGSEND = YES;
				GCC_C_LANGUAGE_STANDARD = gnu99;
				GCC_NO_COMMON_BLOCKS = YES;
				GCC_WARN_64_TO_32_BIT_CONVERSION = YES;
				GCC_WARN_ABOUT_RETURN_TYPE = YES_ERROR;
				GCC_WARN_UNDECLARED_SELECTOR = YES;
				GCC_WARN_UNINITIALIZED_AUTOS = YES_AGGRESSIVE;
				GCC_WARN_UNUSED_FUNCTION = YES;
				GCC_WARN_UNUSED_VARIABLE = YES;
				IPHONEOS_DEPLOYMENT_TARGET = 9.0;
				MTL_ENABLE_DEBUG_INFO = NO;
				SDKROOT = iphoneos;
				VALIDATE_PRODUCT = YES;
			};
			name = Release;
		};
		D1F42E991BD415F4000E9A7F /* Debug */ = {
			isa = XCBuildConfiguration;
			buildSettings = {
				ASSETCATALOG_COMPILER_APPICON_NAME = AppIcon;
				INFOPLIST_FILE = "Project 3/Info.plist";
				LD_RUNPATH_SEARCH_PATHS = "$(inherited) @executable_path/Frameworks";
				PRODUCT_BUNDLE_IDENTIFIER = "CUAppDev.Project-3";
				PRODUCT_NAME = "$(TARGET_NAME)";
			};
			name = Debug;
		};
		D1F42E9A1BD415F4000E9A7F /* Release */ = {
			isa = XCBuildConfiguration;
			buildSettings = {
				ASSETCATALOG_COMPILER_APPICON_NAME = AppIcon;
				INFOPLIST_FILE = "Project 3/Info.plist";
				LD_RUNPATH_SEARCH_PATHS = "$(inherited) @executable_path/Frameworks";
				PRODUCT_BUNDLE_IDENTIFIER = "CUAppDev.Project-3";
				PRODUCT_NAME = "$(TARGET_NAME)";
			};
			name = Release;
		};
		D1F42E9C1BD415F4000E9A7F /* Debug */ = {
			isa = XCBuildConfiguration;
			buildSettings = {
				BUNDLE_LOADER = "$(TEST_HOST)";
				INFOPLIST_FILE = "Project 3Tests/Info.plist";
				LD_RUNPATH_SEARCH_PATHS = "$(inherited) @executable_path/Frameworks @loader_path/Frameworks";
				PRODUCT_BUNDLE_IDENTIFIER = "CUAppDev.Project-3Tests";
				PRODUCT_NAME = "$(TARGET_NAME)";
				TEST_HOST = "$(BUILT_PRODUCTS_DIR)/Project 3.app/Project 3";
			};
			name = Debug;
		};
		D1F42E9D1BD415F4000E9A7F /* Release */ = {
			isa = XCBuildConfiguration;
			buildSettings = {
				BUNDLE_LOADER = "$(TEST_HOST)";
				INFOPLIST_FILE = "Project 3Tests/Info.plist";
				LD_RUNPATH_SEARCH_PATHS = "$(inherited) @executable_path/Frameworks @loader_path/Frameworks";
				PRODUCT_BUNDLE_IDENTIFIER = "CUAppDev.Project-3Tests";
				PRODUCT_NAME = "$(TARGET_NAME)";
				TEST_HOST = "$(BUILT_PRODUCTS_DIR)/Project 3.app/Project 3";
			};
			name = Release;
		};
		D1F42E9F1BD415F4000E9A7F /* Debug */ = {
			isa = XCBuildConfiguration;
			buildSettings = {
				INFOPLIST_FILE = "Project 3UITests/Info.plist";
				LD_RUNPATH_SEARCH_PATHS = "$(inherited) @executable_path/Frameworks @loader_path/Frameworks";
				PRODUCT_BUNDLE_IDENTIFIER = "CUAppDev.Project-3UITests";
				PRODUCT_NAME = "$(TARGET_NAME)";
				TEST_TARGET_NAME = "Project 3";
				USES_XCTRUNNER = YES;
			};
			name = Debug;
		};
		D1F42EA01BD415F4000E9A7F /* Release */ = {
			isa = XCBuildConfiguration;
			buildSettings = {
				INFOPLIST_FILE = "Project 3UITests/Info.plist";
				LD_RUNPATH_SEARCH_PATHS = "$(inherited) @executable_path/Frameworks @loader_path/Frameworks";
				PRODUCT_BUNDLE_IDENTIFIER = "CUAppDev.Project-3UITests";
				PRODUCT_NAME = "$(TARGET_NAME)";
				TEST_TARGET_NAME = "Project 3";
				USES_XCTRUNNER = YES;
			};
			name = Release;
		};
/* End XCBuildConfiguration section */

/* Begin XCConfigurationList section */
		D1F42E6B1BD415F4000E9A7F /* Build configuration list for PBXProject "Project 3" */ = {
			isa = XCConfigurationList;
			buildConfigurations = (
				D1F42E961BD415F4000E9A7F /* Debug */,
				D1F42E971BD415F4000E9A7F /* Release */,
			);
			defaultConfigurationIsVisible = 0;
			defaultConfigurationName = Release;
		};
		D1F42E981BD415F4000E9A7F /* Build configuration list for PBXNativeTarget "Project 3" */ = {
			isa = XCConfigurationList;
			buildConfigurations = (
				D1F42E991BD415F4000E9A7F /* Debug */,
				D1F42E9A1BD415F4000E9A7F /* Release */,
			);
			defaultConfigurationIsVisible = 0;
		};
		D1F42E9B1BD415F4000E9A7F /* Build configuration list for PBXNativeTarget "Project 3Tests" */ = {
			isa = XCConfigurationList;
			buildConfigurations = (
				D1F42E9C1BD415F4000E9A7F /* Debug */,
				D1F42E9D1BD415F4000E9A7F /* Release */,
			);
			defaultConfigurationIsVisible = 0;
		};
		D1F42E9E1BD415F4000E9A7F /* Build configuration list for PBXNativeTarget "Project 3UITests" */ = {
			isa = XCConfigurationList;
			buildConfigurations = (
				D1F42E9F1BD415F4000E9A7F /* Debug */,
				D1F42EA01BD415F4000E9A7F /* Release */,
			);
			defaultConfigurationIsVisible = 0;
		};
/* End XCConfigurationList section */
	};
	rootObject = D1F42E681BD415F4000E9A7F /* Project object */;
}
